<?xml version="1.0" encoding="utf-8"?>
<Project ToolsVersion="4.0" xmlns="http://schemas.microsoft.com/developer/msbuild/2003">
  <ItemGroup>
    <ClCompile Include="Source\Game\Util\LevelLoader.cpp" />
    <ClCompile Include="Source\Game\Util\MenuController.cpp" />
    <ClCompile Include="Source\GameEngine\EntitySystem\Components\ButtonComponent.cpp" />
    <ClCompile Include="Source\GameEngine\EntitySystem\Components\TextRenderComponent.cpp" />
    <ClCompile Include="Source\GameEngine\Util\ButtonManager.cpp" />
    <ClCompile Include="Source\GameEngine\Util\CameraManager.cpp" />
    <ClCompile Include="Source\GameEngine\EntitySystem\Components\ParticleComponent.cpp" />
    <ClCompile Include="Source\GameEngine\EntitySystem\Components\ParticleEmitterComponent.cpp" />
    <ClCompile Include="Source\GameEngine\EntitySystem\Components\SoundComponent.cpp" />
    <ClCompile Include="Source\GameEngine\Util\AnimationManager.cpp" />
    <ClCompile Include="Source\GameEngine\EntitySystem\Components\AnimationComponent.cpp" />
    <ClCompile Include="Source\GameEngine\EntitySystem\Components\CollidablePhysicsComponent.cpp" />
    <ClCompile Include="Source\GameEngine\EntitySystem\Components\CollidableComponent.cpp" />
    <ClCompile Include="Source\GameEngine\Util\CollisionManager.cpp" />
    <ClCompile Include="Source\GameEngine\Util\SoundManager.cpp" />
    <ClCompile Include="Source\Game\GameBoard.cpp" />
    <ClCompile Include="Source\GameEngine\EntitySystem\Components\RenderComponent.cpp" />
    <ClCompile Include="Source\GameEngine\EntitySystem\Component.cpp" />
    <ClCompile Include="Source\Game\GameComponents\MovementComponent.cpp" />
    <ClCompile Include="Source\Game\GameEntities\BlobEntity.cpp" />
    <ClCompile Include="Source\Game\GameEntities\LevelEntity.cpp" />
    <ClCompile Include="Source\Game\GameEntities\GoalEntity.cpp" />
    <ClCompile Include="Source\Game\GameEntities\ObstacleEntity.cpp" />
    <ClCompile Include="Source\Game\GameEntities\WallEntity.cpp" />
    <ClCompile Include="Source\Game\Util\WallManager.cpp" />
    <ClCompile Include="Source\main.cpp" />
    <ClCompile Include="Source\GameEngine\EntitySystem\Entity.cpp" />
    <ClCompile Include="Source\GameEngine\GameEngineMain.cpp" />
    <ClCompile Include="Source\GameEngine\Util\TextureManager.cpp" />
    <ClCompile Include="Source\GameEngine\EntitySystem\Components\SpriteRenderComponent.cpp" />
    <ClCompile Include="Source\Game\GameEntities\StartEntity.cpp" />
  </ItemGroup>
  <ItemGroup>
    <ClInclude Include="Source\Game\Util\LevelLoader.h" />
    <ClInclude Include="Source\Game\Util\MenuController.h" />
    <ClInclude Include="Source\GameEngine\EntitySystem\Components\ButtonComponent.h" />
    <ClInclude Include="Source\GameEngine\EntitySystem\Components\TextRenderComponent.h" />
    <ClInclude Include="Source\GameEngine\Util\ButtonManager.h" />
    <ClInclude Include="Source\GameEngine\Util\CameraManager.h" />
    <ClInclude Include="Source\GameEngine\EntitySystem\Components\ParticleComponent.h" />
    <ClInclude Include="Source\GameEngine\EntitySystem\Components\ParticleEmitterComponent.h" />
    <ClInclude Include="Source\GameEngine\EntitySystem\Components\SoundComponent.h" />
    <ClInclude Include="Source\GameEngine\Util\AnimationManager.h" />
    <ClInclude Include="Source\GameEngine\EntitySystem\Components\AnimationComponent.h" />
    <ClInclude Include="Source\GameEngine\EntitySystem\Components\CollidablePhysicsComponent.h" />
    <ClInclude Include="Source\GameEngine\EntitySystem\Components\CollidableComponent.h" />
    <ClInclude Include="Source\GameEngine\Util\CollisionManager.h" />
    <ClInclude Include="Source\GameEngine\Util\SoundManager.h" />
    <ClInclude Include="Source\Game\GameBoard.h" />
    <ClInclude Include="Source\GameEngine\EntitySystem\Components\RenderComponent.h" />
    <ClInclude Include="Source\GameEngine\EntitySystem\Component.h" />
    <ClInclude Include="Source\GameEngine\EntitySystem\Entity.h" />
    <ClInclude Include="Source\GameEngine\GameEngineMain.h" />
    <ClInclude Include="Source\GameEngine\Util\TextureManager.h" />
    <ClInclude Include="Source\GameEngine\EntitySystem\Components\SpriteRenderComponent.h" />
    <ClInclude Include="Source\Game\GameEntities\StartEntity.h" />
    <ClInclude Include="Source\Game\GameComponents\MovementComponent.h" />
    <ClInclude Include="Source\Game\GameEntities\BlobEntity.h" />
    <ClInclude Include="Source\Game\GameEntities\LevelEntity.h" />
    <ClInclude Include="Source\Game\GameEntities\GoalEntity.h" />
    <ClInclude Include="Source\Game\GameEntities\ObstacleEntity.h" />
    <ClInclude Include="Source\Game\GameEntities\WallEntity.h" />
    <ClInclude Include="Source\Game\Util\WallManager.h" />
  </ItemGroup>
  <ItemGroup>
    <Image Include="Resources\img\circle.png" />
    <Image Include="Resources\img\cliff.png" />
    <Image Include="Resources\img\start.png" />
    <Image Include="Resources\img\triangle.png" />
    <Image Include="Resources\img\wall.png" />
    <Image Include="Resources\img\yubel.jpg" />
    <Image Include="Resources\img\Water.png" />
    <Image Include="Resources\img\blob3.png" />
    <Image Include="Resources\img\blob1.png" />
    <Image Include="Resources\img\blob2.png" />
    <Image Include="Resources\img\blob4.png" />
    <Image Include="Resources\img\goal1.png" />
    <Image Include="Resources\img\goal2.png" />
    <Image Include="Resources\img\goal3.png" />
    <Image Include="Resources\img\goal4.png" />
    <Image Include="Resources\img\Island.png" />
    <Image Include="Resources\img\MenuBackground.png" />
  </ItemGroup>
</Project>